
Microsoft Visual Studio Solution File, Format Version 12.00
# Visual Studio 15
VisualStudioVersion = 15.0.27130.2010
MinimumVisualStudioVersion = 10.0.40219.1
Project("{FAE04EC0-301F-11D3-BF4B-00C04F79EFBC}") = "socialbutterfly", "socialbutterfly\socialbutterfly.csproj", "{3579F185-C8FB-445D-8D1F-8A5FA96E4FEA}"
EndProject
Global
	GlobalSection(SolutionConfigurationPlatforms) = preSolution
		Debug|Any CPU = Debug|Any CPU
		Release|Any CPU = Release|Any CPU
	EndGlobalSection
	GlobalSection(ProjectConfigurationPlatforms) = postSolution
		{3579F185-C8FB-445D-8D1F-8A5FA96E4FEA}.Debug|Any CPU.ActiveCfg = Debug|Any CPU
		{3579F185-C8FB-445D-8D1F-8A5FA96E4FEA}.Debug|Any CPU.Build.0 = Debug|Any CPU
		{3579F185-C8FB-445D-8D1F-8A5FA96E4FEA}.Release|Any CPU.ActiveCfg = Release|Any CPU
		{3579F185-C8FB-445D-8D1F-8A5FA96E4FEA}.Release|Any CPU.Build.0 = Release|Any CPU
	EndGlobalSection
	GlobalSection(SolutionProperties) = preSolution
		HideSolutionNode = FALSE
	EndGlobalSection
	GlobalSection(ExtensibilityGlobals) = postSolution
		SolutionGuid = {F1E9CB36-DC3A-4B4E-90BF-173EF6DA0BEF}
	EndGlobalSection
EndGlobal
